
Microsoft Visual Studio Solution File, Format Version 12.00
# Visual Studio Version 16
VisualStudioVersion = 16.0.29215.179
MinimumVisualStudioVersion = 10.0.40219.1
Project("{FAE04EC0-301F-11D3-BF4B-00C04F79EFBC}") = "OOPSProgramming", "OOPSProgramming\OOPSProgramming.csproj", "{AE3D45C5-9901-4535-BC72-8B9B3F33730C}"
EndProject
Global
	GlobalSection(SolutionConfigurationPlatforms) = preSolution
		Debug|Any CPU = Debug|Any CPU
		Release|Any CPU = Release|Any CPU
	EndGlobalSection
	GlobalSection(ProjectConfigurationPlatforms) = postSolution
		{AE3D45C5-9901-4535-BC72-8B9B3F33730C}.Debug|Any CPU.ActiveCfg = Debug|Any CPU
		{AE3D45C5-9901-4535-BC72-8B9B3F33730C}.Debug|Any CPU.Build.0 = Debug|Any CPU
		{AE3D45C5-9901-4535-BC72-8B9B3F33730C}.Release|Any CPU.ActiveCfg = Release|Any CPU
		{AE3D45C5-9901-4535-BC72-8B9B3F33730C}.Release|Any CPU.Build.0 = Release|Any CPU
	EndGlobalSection
	GlobalSection(SolutionProperties) = preSolution
		HideSolutionNode = FALSE
	EndGlobalSection
	GlobalSection(ExtensibilityGlobals) = postSolution
		SolutionGuid = {393BAC17-18A1-4828-9190-6E406452D8D2}
	EndGlobalSection
EndGlobal
